
Microsoft Visual Studio Solution File, Format Version 12.00
# Visual Studio 14
VisualStudioVersion = 14.0.25420.1
MinimumVisualStudioVersion = 10.0.40219.1
Project("{FAE04EC0-301F-11D3-BF4B-00C04F79EFBC}") = "LandProject.Common", "LandProject.Common\LandProject.Common.csproj", "{3C6F0D8E-95F7-4F64-ABDC-9A36DEBCFC42}"
EndProject
Project("{FAE04EC0-301F-11D3-BF4B-00C04F79EFBC}") = "LandProject.Data", "LandProject.Data\LandProject.Data.csproj", "{66C657D8-D1EA-475D-8B39-79873052DEE7}"
EndProject
Project("{FAE04EC0-301F-11D3-BF4B-00C04F79EFBC}") = "LandProject.Model", "LandProject.Model\LandProject.Model.csproj", "{2EC7C03A-6A61-42F1-AA27-E1D6774C03D9}"
EndProject
Project("{FAE04EC0-301F-11D3-BF4B-00C04F79EFBC}") = "LandProject.Service", "LandProject.Service\LandProject.Service.csproj", "{4E786DE1-DC20-4144-9655-344ABDBC6214}"
EndProject
Project("{FAE04EC0-301F-11D3-BF4B-00C04F79EFBC}") = "LandProject.Web", "LandProject.Web\LandProject.Web.csproj", "{1CB32DF4-E0F5-47EF-BEF8-9940906AAA0C}"
EndProject
Global
	GlobalSection(SolutionConfigurationPlatforms) = preSolution
		Debug|Any CPU = Debug|Any CPU
		Release|Any CPU = Release|Any CPU
	EndGlobalSection
	GlobalSection(ProjectConfigurationPlatforms) = postSolution
		{3C6F0D8E-95F7-4F64-ABDC-9A36DEBCFC42}.Debug|Any CPU.ActiveCfg = Debug|Any CPU
		{3C6F0D8E-95F7-4F64-ABDC-9A36DEBCFC42}.Debug|Any CPU.Build.0 = Debug|Any CPU
		{3C6F0D8E-95F7-4F64-ABDC-9A36DEBCFC42}.Release|Any CPU.ActiveCfg = Release|Any CPU
		{3C6F0D8E-95F7-4F64-ABDC-9A36DEBCFC42}.Release|Any CPU.Build.0 = Release|Any CPU
		{66C657D8-D1EA-475D-8B39-79873052DEE7}.Debug|Any CPU.ActiveCfg = Debug|Any CPU
		{66C657D8-D1EA-475D-8B39-79873052DEE7}.Debug|Any CPU.Build.0 = Debug|Any CPU
		{66C657D8-D1EA-475D-8B39-79873052DEE7}.Release|Any CPU.ActiveCfg = Release|Any CPU
		{66C657D8-D1EA-475D-8B39-79873052DEE7}.Release|Any CPU.Build.0 = Release|Any CPU
		{2EC7C03A-6A61-42F1-AA27-E1D6774C03D9}.Debug|Any CPU.ActiveCfg = Debug|Any CPU
		{2EC7C03A-6A61-42F1-AA27-E1D6774C03D9}.Debug|Any CPU.Build.0 = Debug|Any CPU
		{2EC7C03A-6A61-42F1-AA27-E1D6774C03D9}.Release|Any CPU.ActiveCfg = Release|Any CPU
		{2EC7C03A-6A61-42F1-AA27-E1D6774C03D9}.Release|Any CPU.Build.0 = Release|Any CPU
		{4E786DE1-DC20-4144-9655-344ABDBC6214}.Debug|Any CPU.ActiveCfg = Debug|Any CPU
		{4E786DE1-DC20-4144-9655-344ABDBC6214}.Debug|Any CPU.Build.0 = Debug|Any CPU
		{4E786DE1-DC20-4144-9655-344ABDBC6214}.Release|Any CPU.ActiveCfg = Release|Any CPU
		{4E786DE1-DC20-4144-9655-344ABDBC6214}.Release|Any CPU.Build.0 = Release|Any CPU
		{1CB32DF4-E0F5-47EF-BEF8-9940906AAA0C}.Debug|Any CPU.ActiveCfg = Debug|Any CPU
		{1CB32DF4-E0F5-47EF-BEF8-9940906AAA0C}.Debug|Any CPU.Build.0 = Debug|Any CPU
		{1CB32DF4-E0F5-47EF-BEF8-9940906AAA0C}.Release|Any CPU.ActiveCfg = Release|Any CPU
		{1CB32DF4-E0F5-47EF-BEF8-9940906AAA0C}.Release|Any CPU.Build.0 = Release|Any CPU
	EndGlobalSection
	GlobalSection(SolutionProperties) = preSolution
		HideSolutionNode = FALSE
	EndGlobalSection
EndGlobal
